
Microsoft Visual Studio Solution File, Format Version 12.00
# Visual Studio Version 17
VisualStudioVersion = 17.0.31919.166
MinimumVisualStudioVersion = 10.0.40219.1
Project("{FAE04EC0-301F-11D3-BF4B-00C04F79EFBC}") = "poo1", "poo1\poo1.csproj", "{4B1138FF-1092-4B01-95D8-87ED321B7990}"
EndProject
Global
	GlobalSection(SolutionConfigurationPlatforms) = preSolution
		Debug|Any CPU = Debug|Any CPU
		Release|Any CPU = Release|Any CPU
	EndGlobalSection
	GlobalSection(ProjectConfigurationPlatforms) = postSolution
		{4B1138FF-1092-4B01-95D8-87ED321B7990}.Debug|Any CPU.ActiveCfg = Debug|Any CPU
		{4B1138FF-1092-4B01-95D8-87ED321B7990}.Debug|Any CPU.Build.0 = Debug|Any CPU
		{4B1138FF-1092-4B01-95D8-87ED321B7990}.Release|Any CPU.ActiveCfg = Release|Any CPU
		{4B1138FF-1092-4B01-95D8-87ED321B7990}.Release|Any CPU.Build.0 = Release|Any CPU
	EndGlobalSection
	GlobalSection(SolutionProperties) = preSolution
		HideSolutionNode = FALSE
	EndGlobalSection
	GlobalSection(ExtensibilityGlobals) = postSolution
		SolutionGuid = {E161E89E-264F-4D74-8E3E-6107082CF653}
	EndGlobalSection
EndGlobal
